
Microsoft Visual Studio Solution File, Format Version 12.00
# Visual Studio Version 17
VisualStudioVersion = 17.8.34330.188
MinimumVisualStudioVersion = 10.0.40219.1
Project("{FAE04EC0-301F-11D3-BF4B-00C04F79EFBC}") = "Cars Rental", "Cars Rental\Cars Rental.csproj", "{C360B967-6E1B-4001-9822-EEE48B7E6D7A}"
EndProject
Global
	GlobalSection(SolutionConfigurationPlatforms) = preSolution
		Debug|Any CPU = Debug|Any CPU
		Release|Any CPU = Release|Any CPU
	EndGlobalSection
	GlobalSection(ProjectConfigurationPlatforms) = postSolution
		{C360B967-6E1B-4001-9822-EEE48B7E6D7A}.Debug|Any CPU.ActiveCfg = Debug|Any CPU
		{C360B967-6E1B-4001-9822-EEE48B7E6D7A}.Debug|Any CPU.Build.0 = Debug|Any CPU
		{C360B967-6E1B-4001-9822-EEE48B7E6D7A}.Release|Any CPU.ActiveCfg = Release|Any CPU
		{C360B967-6E1B-4001-9822-EEE48B7E6D7A}.Release|Any CPU.Build.0 = Release|Any CPU
	EndGlobalSection
	GlobalSection(SolutionProperties) = preSolution
		HideSolutionNode = FALSE
	EndGlobalSection
	GlobalSection(ExtensibilityGlobals) = postSolution
		SolutionGuid = {201F203A-40B7-4120-9780-70720CF4061F}
	EndGlobalSection
EndGlobal
